
Microsoft Visual Studio Solution File, Format Version 12.00
# Visual Studio Version 16
VisualStudioVersion = 16.0.31911.196
MinimumVisualStudioVersion = 10.0.40219.1
Project("{9A19103F-16F7-4668-BE54-9A1E7A4F7556}") = "TweetBook", "TweetBook\TweetBook.csproj", "{53781428-229B-49FD-80A6-1F9AD324D085}"
EndProject
Project("{FAE04EC0-301F-11D3-BF4B-00C04F79EFBC}") = "TweetBook.IntegrationTests", "TweetBook.IntegrationTests\TweetBook.IntegrationTests.csproj", "{090C7D6C-52B8-45E1-B212-64B58602F85B}"
EndProject
Global
	GlobalSection(SolutionConfigurationPlatforms) = preSolution
		Debug|Any CPU = Debug|Any CPU
		Release|Any CPU = Release|Any CPU
	EndGlobalSection
	GlobalSection(ProjectConfigurationPlatforms) = postSolution
		{53781428-229B-49FD-80A6-1F9AD324D085}.Debug|Any CPU.ActiveCfg = Debug|Any CPU
		{53781428-229B-49FD-80A6-1F9AD324D085}.Debug|Any CPU.Build.0 = Debug|Any CPU
		{53781428-229B-49FD-80A6-1F9AD324D085}.Release|Any CPU.ActiveCfg = Release|Any CPU
		{53781428-229B-49FD-80A6-1F9AD324D085}.Release|Any CPU.Build.0 = Release|Any CPU
		{090C7D6C-52B8-45E1-B212-64B58602F85B}.Debug|Any CPU.ActiveCfg = Debug|Any CPU
		{090C7D6C-52B8-45E1-B212-64B58602F85B}.Debug|Any CPU.Build.0 = Debug|Any CPU
		{090C7D6C-52B8-45E1-B212-64B58602F85B}.Release|Any CPU.ActiveCfg = Release|Any CPU
		{090C7D6C-52B8-45E1-B212-64B58602F85B}.Release|Any CPU.Build.0 = Release|Any CPU
	EndGlobalSection
	GlobalSection(SolutionProperties) = preSolution
		HideSolutionNode = FALSE
	EndGlobalSection
	GlobalSection(ExtensibilityGlobals) = postSolution
		SolutionGuid = {7501EF83-579C-4FF0-94B2-6D6C61C7B7E1}
	EndGlobalSection
EndGlobal
